
Microsoft Visual Studio Solution File, Format Version 12.00
# Visual Studio Version 16
VisualStudioVersion = 16.0.30413.136
MinimumVisualStudioVersion = 10.0.40219.1
Project("{FAE04EC0-301F-11D3-BF4B-00C04F79EFBC}") = "CS_ASP_024", "CS_ASP_024.csproj", "{325416EE-D5C0-4FD2-A8BF-06EEACE8186B}"
EndProject
Global
	GlobalSection(SolutionConfigurationPlatforms) = preSolution
		Debug|Any CPU = Debug|Any CPU
		Release|Any CPU = Release|Any CPU
	EndGlobalSection
	GlobalSection(ProjectConfigurationPlatforms) = postSolution
		{325416EE-D5C0-4FD2-A8BF-06EEACE8186B}.Debug|Any CPU.ActiveCfg = Debug|Any CPU
		{325416EE-D5C0-4FD2-A8BF-06EEACE8186B}.Debug|Any CPU.Build.0 = Debug|Any CPU
		{325416EE-D5C0-4FD2-A8BF-06EEACE8186B}.Release|Any CPU.ActiveCfg = Release|Any CPU
		{325416EE-D5C0-4FD2-A8BF-06EEACE8186B}.Release|Any CPU.Build.0 = Release|Any CPU
	EndGlobalSection
	GlobalSection(SolutionProperties) = preSolution
		HideSolutionNode = FALSE
	EndGlobalSection
	GlobalSection(ExtensibilityGlobals) = postSolution
		SolutionGuid = {3A1BF04B-E3B8-42BE-9595-1C2F4350E329}
	EndGlobalSection
EndGlobal
